
Microsoft Visual Studio Solution File, Format Version 12.00
# Visual Studio Version 16
VisualStudioVersion = 16.0.31624.102
MinimumVisualStudioVersion = 10.0.40219.1
Project("{FAE04EC0-301F-11D3-BF4B-00C04F79EFBC}") = "SalesStatisticsDisplaySystem", "SalesStatisticsDisplaySystem\SalesStatisticsDisplaySystem.csproj", "{9F04646B-4351-41CC-B8A7-E1CF8510692A}"
EndProject
Global
	GlobalSection(SolutionConfigurationPlatforms) = preSolution
		Debug|Any CPU = Debug|Any CPU
		Release|Any CPU = Release|Any CPU
	EndGlobalSection
	GlobalSection(ProjectConfigurationPlatforms) = postSolution
		{9F04646B-4351-41CC-B8A7-E1CF8510692A}.Debug|Any CPU.ActiveCfg = Debug|Any CPU
		{9F04646B-4351-41CC-B8A7-E1CF8510692A}.Debug|Any CPU.Build.0 = Debug|Any CPU
		{9F04646B-4351-41CC-B8A7-E1CF8510692A}.Release|Any CPU.ActiveCfg = Release|Any CPU
		{9F04646B-4351-41CC-B8A7-E1CF8510692A}.Release|Any CPU.Build.0 = Release|Any CPU
	EndGlobalSection
	GlobalSection(SolutionProperties) = preSolution
		HideSolutionNode = FALSE
	EndGlobalSection
	GlobalSection(ExtensibilityGlobals) = postSolution
		SolutionGuid = {5362EA5A-337C-4452-AA5A-CB83C4EBB4A5}
	EndGlobalSection
EndGlobal
